<?xml version="1.0" encoding="utf-8"?>
<Project ToolsVersion="4.0" xmlns="http://schemas.microsoft.com/developer/msbuild/2003">
  <ItemGroup>
    <Filter Include="Source Files">
      <UniqueIdentifier>{4FC737F1-C7A5-4376-A066-2A32D752A2FF}</UniqueIdentifier>
      <Extensions>cpp;c;cc;cxx;def;odl;idl;hpj;bat;asm;asmx</Extensions>
    </Filter>
    <Filter Include="Header Files">
      <UniqueIdentifier>{93995380-89BD-4b04-88EB-625FBE52EBFB}</UniqueIdentifier>
      <Extensions>h;hh;hpp;hxx;hm;inl;inc;ipp;xsd</Extensions>
    </Filter>
    <Filter Include="Resource Files">
      <UniqueIdentifier>{67DA6AB6-F800-4c08-8B7A-83BB121AAD01}</UniqueIdentifier>
      <Extensions>rc;ico;cur;bmp;dlg;rc2;rct;bin;rgs;gif;jpg;jpeg;jpe;resx;tiff;tif;png;wav;mfcribbon-ms</Extensions>
    </Filter>
    <Filter Include="Header Files\Windows">
      <UniqueIdentifier>{d01278da-eca6-4481-b6ce-1c03c5e75f52}</UniqueIdentifier>
    </Filter>
    <Filter Include="Header Files\Math">
      <UniqueIdentifier>{d198e904-c1db-4aa7-aee5-eb1951cd616e}</UniqueIdentifier>
    </Filter>
    <Filter Include="Header Files\Data Structures">
      <UniqueIdentifier>{82fcd6fe-4ee4-40ac-b420-d15f599ea11b}</UniqueIdentifier>
    </Filter>
    <Filter Include="Header Files\Resource">
      <UniqueIdentifier>{bb4e02f2-5a80-446a-9059-cacda6b1f02c}</UniqueIdentifier>
    </Filter>
    <Filter Include="Header Files\Test">
      <UniqueIdentifier>{250fdb25-5064-4fc4-84b2-51bf7ad6d5e5}</UniqueIdentifier>
    </Filter>
    <Filter Include="Source Files\Data Structures">
      <UniqueIdentifier>{167831f1-8a5f-43e6-9988-9002ad1371fb}</UniqueIdentifier>
    </Filter>
    <Filter Include="Source Files\Windows">
      <UniqueIdentifier>{d8134e94-852f-467e-bfe3-976965918e9a}</UniqueIdentifier>
    </Filter>
    <Filter Include="Source Files\Math">
      <UniqueIdentifier>{279ea482-94bf-488d-80f1-1442d7f59b3e}</UniqueIdentifier>
    </Filter>
    <Filter Include="Header Files\Game Object">
      <UniqueIdentifier>{4694d93f-26dc-4a33-a955-37840d58c255}</UniqueIdentifier>
    </Filter>
    <Filter Include="Header Files\Game Object\Transformations">
      <UniqueIdentifier>{b525e412-b882-466f-a251-a9e6241f59b7}</UniqueIdentifier>
    </Filter>
    <Filter Include="Header Files\Game Object\Transformations\2D">
      <UniqueIdentifier>{7b3e94e4-beb1-42c8-b79d-e4ad796ae183}</UniqueIdentifier>
    </Filter>
    <Filter Include="Header Files\Game Object\Transformations\3D">
      <UniqueIdentifier>{54e6fb7a-fa3b-4759-850c-d67cc4cf4058}</UniqueIdentifier>
    </Filter>
    <Filter Include="Source Files\Game Object">
      <UniqueIdentifier>{bc149927-8b9c-47d9-b982-5b133c3246bb}</UniqueIdentifier>
    </Filter>
    <Filter Include="Source Files\Game Object\Transformations">
      <UniqueIdentifier>{56fc2074-057e-49b2-8fb5-79f4101ef10e}</UniqueIdentifier>
    </Filter>
    <Filter Include="Source Files\Game Object\Transformations\2D">
      <UniqueIdentifier>{d3de6cac-7e8e-4f01-8bfa-041eee963a24}</UniqueIdentifier>
    </Filter>
    <Filter Include="Source Files\Game Object\Transformations\3D">
      <UniqueIdentifier>{7cdaea72-47f3-4620-a4b0-45ec9530e198}</UniqueIdentifier>
    </Filter>
    <Filter Include="Header Files\Math\Geometry">
      <UniqueIdentifier>{20a55768-c79b-4a50-a715-5993e68f95cc}</UniqueIdentifier>
    </Filter>
    <Filter Include="Header Files\Data Structures\Events">
      <UniqueIdentifier>{754ca10b-fb72-4dad-b077-8c617ad290d9}</UniqueIdentifier>
    </Filter>
  </ItemGroup>
  <ItemGroup>
    <ClInclude Include="Engine\EngineMain.h">
      <Filter>Header Files</Filter>
    </ClInclude>
    <ClInclude Include="Library\Data Structures\Events\ALisener.h">
      <Filter>Header Files</Filter>
    </ClInclude>
    <ClInclude Include="Library\Data Structures\CircularDynamicList.h">
      <Filter>Header Files\Data Structures</Filter>
    </ClInclude>
    <ClInclude Include="Library\Data Structures\Decorator.h">
      <Filter>Header Files\Data Structures</Filter>
    </ClInclude>
    <ClInclude Include="Library\Data Structures\List.h">
      <Filter>Header Files\Data Structures</Filter>
    </ClInclude>
    <ClInclude Include="Library\Input\Input.h">
      <Filter>Header Files\Resource</Filter>
    </ClInclude>
    <ClInclude Include="Library\Input\MouseAdapter.h">
      <Filter>Header Files\Data Structures\Events</Filter>
    </ClInclude>
    <ClInclude Include="Library\Input\MouseEvent.h">
      <Filter>Header Files\Data Structures\Events</Filter>
    </ClInclude>
    <ClInclude Include="Library\Math\Geometry\Geometry.h">
      <Filter>Header Files\Math\Geometry</Filter>
    </ClInclude>
    <ClInclude Include="Library\Math\Geometry\Geometry2D.h">
      <Filter>Header Files\Math\Geometry</Filter>
    </ClInclude>
    <ClInclude Include="Library\Math\Geometry\Geometry3D.h">
      <Filter>Header Files\Math\Geometry</Filter>
    </ClInclude>
    <ClInclude Include="Library\Math\Transformation\IRotatable.h">
      <Filter>Header Files\Game Object\Transformations</Filter>
    </ClInclude>
    <ClInclude Include="Library\Math\Transformation\IRotatable2D.h">
      <Filter>Header Files\Game Object\Transformations\2D</Filter>
    </ClInclude>
    <ClInclude Include="Library\Math\Transformation\IRotatable3D.h">
      <Filter>Header Files\Game Object\Transformations\3D</Filter>
    </ClInclude>
    <ClInclude Include="Library\Math\Transformation\ITransformable.h">
      <Filter>Header Files\Game Object\Transformations</Filter>
    </ClInclude>
    <ClInclude Include="Library\Math\Transformation\ITransformable2D.h">
      <Filter>Header Files\Game Object\Transformations\2D</Filter>
    </ClInclude>
    <ClInclude Include="Library\Math\Transformation\ITransformable3D.h">
      <Filter>Header Files\Game Object\Transformations\3D</Filter>
    </ClInclude>
    <ClInclude Include="Library\Math\Transformation\ITranslatable.h">
      <Filter>Header Files\Game Object\Transformations</Filter>
    </ClInclude>
    <ClInclude Include="Library\Math\Transformation\ITranslatable2D.h">
      <Filter>Header Files\Game Object\Transformations\2D</Filter>
    </ClInclude>
    <ClInclude Include="Library\Math\Transformation\ITranslatable3D.h">
      <Filter>Header Files\Game Object\Transformations\3D</Filter>
    </ClInclude>
    <ClInclude Include="Library\Math\Math.h">
      <Filter>Header Files\Math</Filter>
    </ClInclude>
    <ClInclude Include="Library\Math\MathPrimitives.h">
      <Filter>Header Files\Math</Filter>
    </ClInclude>
    <ClInclude Include="Library\Math\VectorMath.h">
      <Filter>Header Files\Math</Filter>
    </ClInclude>
    <ClInclude Include="Library\Window\AWindow.h">
      <Filter>Header Files\Windows</Filter>
    </ClInclude>
    <ClInclude Include="Library\Window\GlutWindow.h">
      <Filter>Header Files\Windows</Filter>
    </ClInclude>
    <ClInclude Include="Library\Window\SDLGLWindow.h">
      <Filter>Header Files\Windows</Filter>
    </ClInclude>
    <ClInclude Include="Library\DataManager.h">
      <Filter>Header Files\Resource</Filter>
    </ClInclude>
    <ClInclude Include="Library\Window\SDLWindow.h">
      <Filter>Header Files</Filter>
    </ClInclude>
    <ClInclude Include="Library\AScene.h">
      <Filter>Header Files</Filter>
    </ClInclude>
    <ClInclude Include="Library\Math\Units\Percentage.h">
      <Filter>Header Files</Filter>
    </ClInclude>
    <ClInclude Include="Library\Graphics\Textures\ATexture.h">
      <Filter>Header Files</Filter>
    </ClInclude>
    <ClInclude Include="Library\Graphics\Textures\TextureManager.h">
      <Filter>Header Files</Filter>
    </ClInclude>
    <ClInclude Include="Library\Debugging\Debug.h">
      <Filter>Header Files</Filter>
    </ClInclude>
    <ClInclude Include="Library\Graphics\Textures\GLTexture.h">
      <Filter>Header Files</Filter>
    </ClInclude>
    <ClInclude Include="Library\Utilities\FilePathParser.h">
      <Filter>Header Files</Filter>
    </ClInclude>
    <ClInclude Include="Library\Utilities\File.h">
      <Filter>Header Files</Filter>
    </ClInclude>
    <ClInclude Include="Library\Graphics\3D\Mesh.h">
      <Filter>Header Files</Filter>
    </ClInclude>
    <ClInclude Include="Library\Graphics\3D\Model.h">
      <Filter>Header Files</Filter>
    </ClInclude>
    <ClInclude Include="Library\Data Structures\Events\Event.h">
      <Filter>Header Files\Data Structures\Events</Filter>
    </ClInclude>
    <ClInclude Include="Library\Graphics\Camera\ACamera.h">
      <Filter>Header Files</Filter>
    </ClInclude>
    <ClInclude Include="Library\Graphics\AMaterial.h">
      <Filter>Header Files</Filter>
    </ClInclude>
    <ClInclude Include="Library\Graphics\Camera\Camera.h">
      <Filter>Header Files</Filter>
    </ClInclude>
  </ItemGroup>
  <ItemGroup>
    <ClCompile Include="Main.cpp">
      <Filter>Source Files</Filter>
    </ClCompile>
    <ClCompile Include="Engine\EngineMain.cpp">
      <Filter>Source Files</Filter>
    </ClCompile>
    <ClCompile Include="Library\Data Structures\Events\ALisener.cpp">
      <Filter>Source Files</Filter>
    </ClCompile>
    <ClCompile Include="Library\Data Structures\List.cpp">
      <Filter>Source Files\Data Structures</Filter>
    </ClCompile>
    <ClCompile Include="Library\Math\Transformation\IRotatable2D.cpp">
      <Filter>Source Files\Game Object\Transformations\2D</Filter>
    </ClCompile>
    <ClCompile Include="Library\Math\Transformation\IRotatable3D.cpp">
      <Filter>Source Files\Game Object\Transformations\3D</Filter>
    </ClCompile>
    <ClCompile Include="Library\Math\Transformation\ITransformable2D.cpp">
      <Filter>Source Files\Game Object\Transformations\2D</Filter>
    </ClCompile>
    <ClCompile Include="Library\Math\Transformation\ITransformable3D.cpp">
      <Filter>Source Files\Game Object\Transformations\3D</Filter>
    </ClCompile>
    <ClCompile Include="Library\Math\Transformation\ITranslatable2D.cpp">
      <Filter>Source Files\Game Object\Transformations\2D</Filter>
    </ClCompile>
    <ClCompile Include="Library\Math\Transformation\ITranslatable3D.cpp">
      <Filter>Source Files\Game Object\Transformations\3D</Filter>
    </ClCompile>
    <ClCompile Include="Library\Math\VectorMath.cpp">
      <Filter>Source Files\Math</Filter>
    </ClCompile>
    <ClCompile Include="Library\Window\GlutWindow.cpp">
      <Filter>Source Files\Windows</Filter>
    </ClCompile>
    <ClCompile Include="Library\Window\SDLGLWindow.cpp">
      <Filter>Source Files\Windows</Filter>
    </ClCompile>
    <ClCompile Include="Library\Window\SDLWindow.cpp">
      <Filter>Source Files</Filter>
    </ClCompile>
    <ClCompile Include="Library\Graphics\Textures\ATexture.cpp">
      <Filter>Source Files</Filter>
    </ClCompile>
    <ClCompile Include="Library\Graphics\Textures\TextureManager.cpp">
      <Filter>Source Files</Filter>
    </ClCompile>
    <ClCompile Include="Library\Debugging\Debug.cpp">
      <Filter>Source Files</Filter>
    </ClCompile>
    <ClCompile Include="Library\Graphics\Textures\GLTexture.cpp">
      <Filter>Source Files</Filter>
    </ClCompile>
    <ClCompile Include="Library\Utilities\FilePathParser.cpp">
      <Filter>Source Files</Filter>
    </ClCompile>
    <ClCompile Include="Library\Utilities\File.cpp">
      <Filter>Source Files</Filter>
    </ClCompile>
    <ClCompile Include="Library\Graphics\3D\Mesh.cpp">
      <Filter>Source Files</Filter>
    </ClCompile>
    <ClCompile Include="Library\Graphics\3D\Model.cpp">
      <Filter>Source Files</Filter>
    </ClCompile>
    <ClCompile Include="Library\Graphics\Camera\Camera.cpp">
      <Filter>Source Files</Filter>
    </ClCompile>
  </ItemGroup>
</Project>